{
  "name": "redux-persist-capacitor",
  "version": "1.0.0",
  "lockfileVersion": 1,
  "requires": true,
  "dependencies": {
    "@capacitor/core": {
      "version": "2.4.5",
      "resolved": "https://registry.npmjs.org/@capacitor/core/-/core-2.4.5.tgz",
      "integrity": "sha512-3GfDAN3s8ajglbn0X6wS+1mtmLwtaBNyvrje3qZ7mzRGVOMWLlOL+n2EeA9IlhMyp8KbQFwXr7gKUk6DjMAKUQ==",
      "requires": {
        "tslib": "^1.9.0"
      }
    },
    "tslib": {
      "version": "1.14.1",
      "resolved": "https://registry.npmjs.org/tslib/-/tslib-1.14.1.tgz",
      "integrity": "sha512-Xni35NKzjgMrwevysHTCArtLDpPvye8zV/0E4EyYn43P7/7qvQwPh9BGkHewbMulVntbigmcT7rdX3BNo9wRJg=="
    }
  }
}
